// !$*UTF8*$!
{
	archiveVersion = 1;
	classes = {
	};
	objectVersion = 55;
	objects = {

/* Begin PBXBuildFile section */
		0D0F84E52BFDEB9B0061AA10 /* FirebaseFirestoreSwift in Frameworks */ = {isa = PBXBuildFile; productRef = 0D0F84E42BFDEB9B0061AA10 /* FirebaseFirestoreSwift */; };
		0D0F84E72BFE4F880061AA10 /* EditProfilePage.swift in Sources */ = {isa = PBXBuildFile; fileRef = 0D0F84E62BFE4F880061AA10 /* EditProfilePage.swift */; };
		0D0F84E92BFF179C0061AA10 /* EditProductsView.swift in Sources */ = {isa = PBXBuildFile; fileRef = 0D0F84E82BFF179C0061AA10 /* EditProductsView.swift */; };
		0D0F84EB2BFF39850061AA10 /* ProductInCartView.swift in Sources */ = {isa = PBXBuildFile; fileRef = 0D0F84EA2BFF39850061AA10 /* ProductInCartView.swift */; };
		0D0F84ED2C01A6660061AA10 /* PayView.swift in Sources */ = {isa = PBXBuildFile; fileRef = 0D0F84EC2C01A6660061AA10 /* PayView.swift */; };
		0D6E2A6D2BF0BF5700F2A0CF /* AntiquesAppApp.swift in Sources */ = {isa = PBXBuildFile; fileRef = 0D6E2A6C2BF0BF5700F2A0CF /* AntiquesAppApp.swift */; };
		0D6E2A6F2BF0BF5700F2A0CF /* ContentView.swift in Sources */ = {isa = PBXBuildFile; fileRef = 0D6E2A6E2BF0BF5700F2A0CF /* ContentView.swift */; };
		0D6E2A712BF0BF5700F2A0CF /* Assets.xcassets in Resources */ = {isa = PBXBuildFile; fileRef = 0D6E2A702BF0BF5700F2A0CF /* Assets.xcassets */; };
		0D6E2A742BF0BF5700F2A0CF /* Preview Assets.xcassets in Resources */ = {isa = PBXBuildFile; fileRef = 0D6E2A732BF0BF5700F2A0CF /* Preview Assets.xcassets */; };
		0D6E2A802BF0FA9400F2A0CF /* FirebaseAuth in Frameworks */ = {isa = PBXBuildFile; productRef = 0D6E2A7F2BF0FA9400F2A0CF /* FirebaseAuth */; };
		0D6E2A822BF0FA9400F2A0CF /* FirebaseDatabase in Frameworks */ = {isa = PBXBuildFile; productRef = 0D6E2A812BF0FA9400F2A0CF /* FirebaseDatabase */; };
		0D6E2A842BF0FA9400F2A0CF /* FirebaseFirestore in Frameworks */ = {isa = PBXBuildFile; productRef = 0D6E2A832BF0FA9400F2A0CF /* FirebaseFirestore */; };
		0D6E2A862BF0FA9400F2A0CF /* FirebaseStorage in Frameworks */ = {isa = PBXBuildFile; productRef = 0D6E2A852BF0FA9400F2A0CF /* FirebaseStorage */; };
		0D6E2A882BF0FACC00F2A0CF /* MainPage.swift in Sources */ = {isa = PBXBuildFile; fileRef = 0D6E2A872BF0FACC00F2A0CF /* MainPage.swift */; };
		0D6E2A8A2BF0FB9900F2A0CF /* Home.swift in Sources */ = {isa = PBXBuildFile; fileRef = 0D6E2A892BF0FB9900F2A0CF /* Home.swift */; };
		0D6E2A8C2BF0FBA500F2A0CF /* Cart.swift in Sources */ = {isa = PBXBuildFile; fileRef = 0D6E2A8B2BF0FBA500F2A0CF /* Cart.swift */; };
		0D6E2A8E2BF0FBB300F2A0CF /* Favorite.swift in Sources */ = {isa = PBXBuildFile; fileRef = 0D6E2A8D2BF0FBB300F2A0CF /* Favorite.swift */; };
		0D6E2A902BF0FBC200F2A0CF /* Profile.swift in Sources */ = {isa = PBXBuildFile; fileRef = 0D6E2A8F2BF0FBC200F2A0CF /* Profile.swift */; };
		0D6E2A922BF0FC0D00F2A0CF /* Data_Model.swift in Sources */ = {isa = PBXBuildFile; fileRef = 0D6E2A912BF0FC0D00F2A0CF /* Data_Model.swift */; };
		0D6E2A942BF0FC7600F2A0CF /* User.swift in Sources */ = {isa = PBXBuildFile; fileRef = 0D6E2A932BF0FC7600F2A0CF /* User.swift */; };
		0D6E2A962BF0FECF00F2A0CF /* LoginPage.swift in Sources */ = {isa = PBXBuildFile; fileRef = 0D6E2A952BF0FECF00F2A0CF /* LoginPage.swift */; };
		0D6E2A982BF0FF0400F2A0CF /* RegisterPage.swift in Sources */ = {isa = PBXBuildFile; fileRef = 0D6E2A972BF0FF0400F2A0CF /* RegisterPage.swift */; };
		0D6E2A9E2BF1174C00F2A0CF /* GoogleService-Info.plist in Resources */ = {isa = PBXBuildFile; fileRef = 0D6E2A9D2BF1174C00F2A0CF /* GoogleService-Info.plist */; };
		0D6E2AA02BF86FBF00F2A0CF /* ForgotPage.swift in Sources */ = {isa = PBXBuildFile; fileRef = 0D6E2A9F2BF86FBF00F2A0CF /* ForgotPage.swift */; };
		0D6E2AA22BFA4A5E00F2A0CF /* Product_Model.swift in Sources */ = {isa = PBXBuildFile; fileRef = 0D6E2AA12BFA4A5E00F2A0CF /* Product_Model.swift */; };
		0D6E2AA42BFA4DBA00F2A0CF /* AdminPage.swift in Sources */ = {isa = PBXBuildFile; fileRef = 0D6E2AA32BFA4DBA00F2A0CF /* AdminPage.swift */; };
		0DD01B1B2BFD0B8700D442DE /* ProductCardShow.swift in Sources */ = {isa = PBXBuildFile; fileRef = 0DD01B1A2BFD0B8700D442DE /* ProductCardShow.swift */; };
		0DD01B1D2BFD185900D442DE /* AddProductView.swift in Sources */ = {isa = PBXBuildFile; fileRef = 0DD01B1C2BFD185900D442DE /* AddProductView.swift */; };
		FB726A112BF8A37800CA0CAC /* ProductCard.swift in Sources */ = {isa = PBXBuildFile; fileRef = FB726A102BF8A37800CA0CAC /* ProductCard.swift */; };
		FB726A132BF8A91800CA0CAC /* ProductCart.swift in Sources */ = {isa = PBXBuildFile; fileRef = FB726A122BF8A91800CA0CAC /* ProductCart.swift */; };
		FB726A1A2BF8AE7700CA0CAC /* ProductDetails.swift in Sources */ = {isa = PBXBuildFile; fileRef = FB726A192BF8AE7700CA0CAC /* ProductDetails.swift */; };
/* End PBXBuildFile section */

/* Begin PBXFileReference section */
		0D0F84E62BFE4F880061AA10 /* EditProfilePage.swift */ = {isa = PBXFileReference; lastKnownFileType = sourcecode.swift; path = EditProfilePage.swift; sourceTree = "<group>"; };
		0D0F84E82BFF179C0061AA10 /* EditProductsView.swift */ = {isa = PBXFileReference; lastKnownFileType = sourcecode.swift; path = EditProductsView.swift; sourceTree = "<group>"; };
		0D0F84EA2BFF39850061AA10 /* ProductInCartView.swift */ = {isa = PBXFileReference; lastKnownFileType = sourcecode.swift; path = ProductInCartView.swift; sourceTree = "<group>"; };
		0D0F84EC2C01A6660061AA10 /* PayView.swift */ = {isa = PBXFileReference; lastKnownFileType = sourcecode.swift; path = PayView.swift; sourceTree = "<group>"; };
		0D6E2A692BF0BF5700F2A0CF /* AntiquesApp.app */ = {isa = PBXFileReference; explicitFileType = wrapper.application; includeInIndex = 0; path = AntiquesApp.app; sourceTree = BUILT_PRODUCTS_DIR; };
		0D6E2A6C2BF0BF5700F2A0CF /* AntiquesAppApp.swift */ = {isa = PBXFileReference; lastKnownFileType = sourcecode.swift; path = AntiquesAppApp.swift; sourceTree = "<group>"; };
		0D6E2A6E2BF0BF5700F2A0CF /* ContentView.swift */ = {isa = PBXFileReference; lastKnownFileType = sourcecode.swift; path = ContentView.swift; sourceTree = "<group>"; };
		0D6E2A702BF0BF5700F2A0CF /* Assets.xcassets */ = {isa = PBXFileReference; lastKnownFileType = folder.assetcatalog; path = Assets.xcassets; sourceTree = "<group>"; };
		0D6E2A732BF0BF5700F2A0CF /* Preview Assets.xcassets */ = {isa = PBXFileReference; lastKnownFileType = folder.assetcatalog; path = "Preview Assets.xcassets"; sourceTree = "<group>"; };
		0D6E2A872BF0FACC00F2A0CF /* MainPage.swift */ = {isa = PBXFileReference; lastKnownFileType = sourcecode.swift; path = MainPage.swift; sourceTree = "<group>"; };
		0D6E2A892BF0FB9900F2A0CF /* Home.swift */ = {isa = PBXFileReference; lastKnownFileType = sourcecode.swift; path = Home.swift; sourceTree = "<group>"; };
		0D6E2A8B2BF0FBA500F2A0CF /* Cart.swift */ = {isa = PBXFileReference; lastKnownFileType = sourcecode.swift; path = Cart.swift; sourceTree = "<group>"; };
		0D6E2A8D2BF0FBB300F2A0CF /* Favorite.swift */ = {isa = PBXFileReference; lastKnownFileType = sourcecode.swift; path = Favorite.swift; sourceTree = "<group>"; };
		0D6E2A8F2BF0FBC200F2A0CF /* Profile.swift */ = {isa = PBXFileReference; lastKnownFileType = sourcecode.swift; path = Profile.swift; sourceTree = "<group>"; };
		0D6E2A912BF0FC0D00F2A0CF /* Data_Model.swift */ = {isa = PBXFileReference; lastKnownFileType = sourcecode.swift; path = Data_Model.swift; sourceTree = "<group>"; };
		0D6E2A932BF0FC7600F2A0CF /* User.swift */ = {isa = PBXFileReference; lastKnownFileType = sourcecode.swift; path = User.swift; sourceTree = "<group>"; };
		0D6E2A952BF0FECF00F2A0CF /* LoginPage.swift */ = {isa = PBXFileReference; lastKnownFileType = sourcecode.swift; path = LoginPage.swift; sourceTree = "<group>"; };
		0D6E2A972BF0FF0400F2A0CF /* RegisterPage.swift */ = {isa = PBXFileReference; lastKnownFileType = sourcecode.swift; path = RegisterPage.swift; sourceTree = "<group>"; };
		0D6E2A9D2BF1174C00F2A0CF /* GoogleService-Info.plist */ = {isa = PBXFileReference; fileEncoding = 4; lastKnownFileType = text.plist.xml; name = "GoogleService-Info.plist"; path = "../../../../Downloads/GoogleService-Info.plist"; sourceTree = "<group>"; };
		0D6E2A9F2BF86FBF00F2A0CF /* ForgotPage.swift */ = {isa = PBXFileReference; lastKnownFileType = sourcecode.swift; path = ForgotPage.swift; sourceTree = "<group>"; };
		0D6E2AA12BFA4A5E00F2A0CF /* Product_Model.swift */ = {isa = PBXFileReference; lastKnownFileType = sourcecode.swift; path = Product_Model.swift; sourceTree = "<group>"; };
		0D6E2AA32BFA4DBA00F2A0CF /* AdminPage.swift */ = {isa = PBXFileReference; lastKnownFileType = sourcecode.swift; path = AdminPage.swift; sourceTree = "<group>"; };
		0DD01B1A2BFD0B8700D442DE /* ProductCardShow.swift */ = {isa = PBXFileReference; lastKnownFileType = sourcecode.swift; path = ProductCardShow.swift; sourceTree = "<group>"; };
		0DD01B1C2BFD185900D442DE /* AddProductView.swift */ = {isa = PBXFileReference; lastKnownFileType = sourcecode.swift; path = AddProductView.swift; sourceTree = "<group>"; };
		FB726A102BF8A37800CA0CAC /* ProductCard.swift */ = {isa = PBXFileReference; lastKnownFileType = sourcecode.swift; path = ProductCard.swift; sourceTree = "<group>"; };
		FB726A122BF8A91800CA0CAC /* ProductCart.swift */ = {isa = PBXFileReference; lastKnownFileType = sourcecode.swift; path = ProductCart.swift; sourceTree = "<group>"; };
		FB726A192BF8AE7700CA0CAC /* ProductDetails.swift */ = {isa = PBXFileReference; lastKnownFileType = sourcecode.swift; path = ProductDetails.swift; sourceTree = "<group>"; };
/* End PBXFileReference section */

/* Begin PBXFrameworksBuildPhase section */
		0D6E2A662BF0BF5700F2A0CF /* Frameworks */ = {
			isa = PBXFrameworksBuildPhase;
			buildActionMask = 2147483647;
			files = (
				0D0F84E52BFDEB9B0061AA10 /* FirebaseFirestoreSwift in Frameworks */,
				0D6E2A822BF0FA9400F2A0CF /* FirebaseDatabase in Frameworks */,
				0D6E2A862BF0FA9400F2A0CF /* FirebaseStorage in Frameworks */,
				0D6E2A802BF0FA9400F2A0CF /* FirebaseAuth in Frameworks */,
				0D6E2A842BF0FA9400F2A0CF /* FirebaseFirestore in Frameworks */,
			);
			runOnlyForDeploymentPostprocessing = 0;
		};
/* End PBXFrameworksBuildPhase section */

/* Begin PBXGroup section */
		0D0F84E32BFDEB9B0061AA10 /* Frameworks */ = {
			isa = PBXGroup;
			children = (
			);
			name = Frameworks;
			sourceTree = "<group>";
		};
		0D6E2A602BF0BF5700F2A0CF = {
			isa = PBXGroup;
			children = (
				0D6E2A6B2BF0BF5700F2A0CF /* AntiquesApp */,
				0D6E2A6A2BF0BF5700F2A0CF /* Products */,
				0D0F84E32BFDEB9B0061AA10 /* Frameworks */,
			);
			sourceTree = "<group>";
		};
		0D6E2A6A2BF0BF5700F2A0CF /* Products */ = {
			isa = PBXGroup;
			children = (
				0D6E2A692BF0BF5700F2A0CF /* AntiquesApp.app */,
			);
			name = Products;
			sourceTree = "<group>";
		};
		0D6E2A6B2BF0BF5700F2A0CF /* AntiquesApp */ = {
			isa = PBXGroup;
			children = (
				0D6E2A9D2BF1174C00F2A0CF /* GoogleService-Info.plist */,
				0D6E2A7C2BF0FA1A00F2A0CF /* Model */,
				0D6E2A7D2BF0FA2100F2A0CF /* View */,
				0D6E2A702BF0BF5700F2A0CF /* Assets.xcassets */,
				0D6E2A722BF0BF5700F2A0CF /* Preview Content */,
			);
			path = AntiquesApp;
			sourceTree = "<group>";
		};
		0D6E2A722BF0BF5700F2A0CF /* Preview Content */ = {
			isa = PBXGroup;
			children = (
				0D6E2A732BF0BF5700F2A0CF /* Preview Assets.xcassets */,
			);
			path = "Preview Content";
			sourceTree = "<group>";
		};
		0D6E2A7C2BF0FA1A00F2A0CF /* Model */ = {
			isa = PBXGroup;
			children = (
				0D6E2A932BF0FC7600F2A0CF /* User.swift */,
				0D6E2A912BF0FC0D00F2A0CF /* Data_Model.swift */,
				FB726A122BF8A91800CA0CAC /* ProductCart.swift */,
				0D6E2AA12BFA4A5E00F2A0CF /* Product_Model.swift */,
			);
			path = Model;
			sourceTree = "<group>";
		};
		0D6E2A7D2BF0FA2100F2A0CF /* View */ = {
			isa = PBXGroup;
			children = (
				0D6E2A6C2BF0BF5700F2A0CF /* AntiquesAppApp.swift */,
				0D6E2A6E2BF0BF5700F2A0CF /* ContentView.swift */,
				0D6E2A872BF0FACC00F2A0CF /* MainPage.swift */,
				0D6E2A892BF0FB9900F2A0CF /* Home.swift */,
				0D6E2A8B2BF0FBA500F2A0CF /* Cart.swift */,
				0D6E2A8D2BF0FBB300F2A0CF /* Favorite.swift */,
				0D6E2A8F2BF0FBC200F2A0CF /* Profile.swift */,
				0D6E2A952BF0FECF00F2A0CF /* LoginPage.swift */,
				0D6E2A972BF0FF0400F2A0CF /* RegisterPage.swift */,
				0D6E2A9F2BF86FBF00F2A0CF /* ForgotPage.swift */,
				FB726A102BF8A37800CA0CAC /* ProductCard.swift */,
				FB726A192BF8AE7700CA0CAC /* ProductDetails.swift */,
				0D6E2AA32BFA4DBA00F2A0CF /* AdminPage.swift */,
				0DD01B1A2BFD0B8700D442DE /* ProductCardShow.swift */,
				0DD01B1C2BFD185900D442DE /* AddProductView.swift */,
				0D0F84E62BFE4F880061AA10 /* EditProfilePage.swift */,
				0D0F84E82BFF179C0061AA10 /* EditProductsView.swift */,
				0D0F84EA2BFF39850061AA10 /* ProductInCartView.swift */,
				0D0F84EC2C01A6660061AA10 /* PayView.swift */,
			);
			path = View;
			sourceTree = "<group>";
		};
/* End PBXGroup section */

/* Begin PBXNativeTarget section */
		0D6E2A682BF0BF5700F2A0CF /* AntiquesApp */ = {
			isa = PBXNativeTarget;
			buildConfigurationList = 0D6E2A772BF0BF5700F2A0CF /* Build configuration list for PBXNativeTarget "AntiquesApp" */;
			buildPhases = (
				0D6E2A652BF0BF5700F2A0CF /* Sources */,
				0D6E2A662BF0BF5700F2A0CF /* Frameworks */,
				0D6E2A672BF0BF5700F2A0CF /* Resources */,
			);
			buildRules = (
			);
			dependencies = (
			);
			name = AntiquesApp;
			packageProductDependencies = (
				0D6E2A7F2BF0FA9400F2A0CF /* FirebaseAuth */,
				0D6E2A812BF0FA9400F2A0CF /* FirebaseDatabase */,
				0D6E2A832BF0FA9400F2A0CF /* FirebaseFirestore */,
				0D6E2A852BF0FA9400F2A0CF /* FirebaseStorage */,
				0D0F84E42BFDEB9B0061AA10 /* FirebaseFirestoreSwift */,
			);
			productName = AntiquesApp;
			productReference = 0D6E2A692BF0BF5700F2A0CF /* AntiquesApp.app */;
			productType = "com.apple.product-type.application";
		};
/* End PBXNativeTarget section */

/* Begin PBXProject section */
		0D6E2A612BF0BF5700F2A0CF /* Project object */ = {
			isa = PBXProject;
			attributes = {
				BuildIndependentTargetsInParallel = 1;
				LastSwiftUpdateCheck = 1530;
				LastUpgradeCheck = 1530;
				TargetAttributes = {
					0D6E2A682BF0BF5700F2A0CF = {
						CreatedOnToolsVersion = 15.3;
					};
				};
			};
			buildConfigurationList = 0D6E2A642BF0BF5700F2A0CF /* Build configuration list for PBXProject "AntiquesApp" */;
			compatibilityVersion = "Xcode 13.0";
			developmentRegion = en;
			hasScannedForEncodings = 0;
			knownRegions = (
				en,
				Base,
			);
			mainGroup = 0D6E2A602BF0BF5700F2A0CF;
			packageReferences = (
				0D6E2A7E2BF0FA9400F2A0CF /* XCRemoteSwiftPackageReference "firebase-ios-sdk" */,
			);
			productRefGroup = 0D6E2A6A2BF0BF5700F2A0CF /* Products */;
			projectDirPath = "";
			projectRoot = "";
			targets = (
				0D6E2A682BF0BF5700F2A0CF /* AntiquesApp */,
			);
		};
/* End PBXProject section */

/* Begin PBXResourcesBuildPhase section */
		0D6E2A672BF0BF5700F2A0CF /* Resources */ = {
			isa = PBXResourcesBuildPhase;
			buildActionMask = 2147483647;
			files = (
				0D6E2A742BF0BF5700F2A0CF /* Preview Assets.xcassets in Resources */,
				0D6E2A712BF0BF5700F2A0CF /* Assets.xcassets in Resources */,
				0D6E2A9E2BF1174C00F2A0CF /* GoogleService-Info.plist in Resources */,
			);
			runOnlyForDeploymentPostprocessing = 0;
		};
/* End PBXResourcesBuildPhase section */

/* Begin PBXSourcesBuildPhase section */
		0D6E2A652BF0BF5700F2A0CF /* Sources */ = {
			isa = PBXSourcesBuildPhase;
			buildActionMask = 2147483647;
			files = (
				0D0F84E72BFE4F880061AA10 /* EditProfilePage.swift in Sources */,
				0D0F84E92BFF179C0061AA10 /* EditProductsView.swift in Sources */,
				0DD01B1B2BFD0B8700D442DE /* ProductCardShow.swift in Sources */,
				0D6E2A6F2BF0BF5700F2A0CF /* ContentView.swift in Sources */,
				0D6E2AA02BF86FBF00F2A0CF /* ForgotPage.swift in Sources */,
				0D0F84EB2BFF39850061AA10 /* ProductInCartView.swift in Sources */,
				0D0F84ED2C01A6660061AA10 /* PayView.swift in Sources */,
				0D6E2A6D2BF0BF5700F2A0CF /* AntiquesAppApp.swift in Sources */,
				FB726A132BF8A91800CA0CAC /* ProductCart.swift in Sources */,
				0D6E2A8C2BF0FBA500F2A0CF /* Cart.swift in Sources */,
				0D6E2AA42BFA4DBA00F2A0CF /* AdminPage.swift in Sources */,
				0DD01B1D2BFD185900D442DE /* AddProductView.swift in Sources */,
				FB726A112BF8A37800CA0CAC /* ProductCard.swift in Sources */,
				0D6E2A902BF0FBC200F2A0CF /* Profile.swift in Sources */,
				FB726A1A2BF8AE7700CA0CAC /* ProductDetails.swift in Sources */,
				0D6E2A8E2BF0FBB300F2A0CF /* Favorite.swift in Sources */,
				0D6E2A942BF0FC7600F2A0CF /* User.swift in Sources */,
				0D6E2A982BF0FF0400F2A0CF /* RegisterPage.swift in Sources */,
				0D6E2A922BF0FC0D00F2A0CF /* Data_Model.swift in Sources */,
				0D6E2A8A2BF0FB9900F2A0CF /* Home.swift in Sources */,
				0D6E2A962BF0FECF00F2A0CF /* LoginPage.swift in Sources */,
				0D6E2A882BF0FACC00F2A0CF /* MainPage.swift in Sources */,
				0D6E2AA22BFA4A5E00F2A0CF /* Product_Model.swift in Sources */,
			);
			runOnlyForDeploymentPostprocessing = 0;
		};
/* End PBXSourcesBuildPhase section */

/* Begin XCBuildConfiguration section */
		0D6E2A752BF0BF5700F2A0CF /* Debug */ = {
			isa = XCBuildConfiguration;
			buildSettings = {
				ALWAYS_SEARCH_USER_PATHS = NO;
				ASSETCATALOG_COMPILER_GENERATE_SWIFT_ASSET_SYMBOL_EXTENSIONS = YES;
				CLANG_ANALYZER_NONNULL = YES;
				CLANG_ANALYZER_NUMBER_OBJECT_CONVERSION = YES_AGGRESSIVE;
				CLANG_CXX_LANGUAGE_STANDARD = "gnu++20";
				CLANG_ENABLE_MODULES = YES;
				CLANG_ENABLE_OBJC_ARC = YES;
				CLANG_ENABLE_OBJC_WEAK = YES;
				CLANG_WARN_BLOCK_CAPTURE_AUTORELEASING = YES;
				CLANG_WARN_BOOL_CONVERSION = YES;
				CLANG_WARN_COMMA = YES;
				CLANG_WARN_CONSTANT_CONVERSION = YES;
				CLANG_WARN_DEPRECATED_OBJC_IMPLEMENTATIONS = YES;
				CLANG_WARN_DIRECT_OBJC_ISA_USAGE = YES_ERROR;
				CLANG_WARN_DOCUMENTATION_COMMENTS = YES;
				CLANG_WARN_EMPTY_BODY = YES;
				CLANG_WARN_ENUM_CONVERSION = YES;
				CLANG_WARN_INFINITE_RECURSION = YES;
				CLANG_WARN_INT_CONVERSION = YES;
				CLANG_WARN_NON_LITERAL_NULL_CONVERSION = YES;
				CLANG_WARN_OBJC_IMPLICIT_RETAIN_SELF = YES;
				CLANG_WARN_OBJC_LITERAL_CONVERSION = YES;
				CLANG_WARN_OBJC_ROOT_CLASS = YES_ERROR;
				CLANG_WARN_QUOTED_INCLUDE_IN_FRAMEWORK_HEADER = YES;
				CLANG_WARN_RANGE_LOOP_ANALYSIS = YES;
				CLANG_WARN_STRICT_PROTOTYPES = YES;
				CLANG_WARN_SUSPICIOUS_MOVE = YES;
				CLANG_WARN_UNGUARDED_AVAILABILITY = YES_AGGRESSIVE;
				CLANG_WARN_UNREACHABLE_CODE = YES;
				CLANG_WARN__DUPLICATE_METHOD_MATCH = YES;
				COPY_PHASE_STRIP = NO;
				DEBUG_INFORMATION_FORMAT = dwarf;
				ENABLE_STRICT_OBJC_MSGSEND = YES;
				ENABLE_TESTABILITY = YES;
				ENABLE_USER_SCRIPT_SANDBOXING = YES;
				GCC_C_LANGUAGE_STANDARD = gnu17;
				GCC_DYNAMIC_NO_PIC = NO;
				GCC_NO_COMMON_BLOCKS = YES;
				GCC_OPTIMIZATION_LEVEL = 0;
				GCC_PREPROCESSOR_DEFINITIONS = (
					"DEBUG=1",
					"$(inherited)",
				);
				GCC_WARN_64_TO_32_BIT_CONVERSION = YES;
				GCC_WARN_ABOUT_RETURN_TYPE = YES_ERROR;
				GCC_WARN_UNDECLARED_SELECTOR = YES;
				GCC_WARN_UNINITIALIZED_AUTOS = YES_AGGRESSIVE;
				GCC_WARN_UNUSED_FUNCTION = YES;
				GCC_WARN_UNUSED_VARIABLE = YES;
				IPHONEOS_DEPLOYMENT_TARGET = 17.4;
				LOCALIZATION_PREFERS_STRING_CATALOGS = YES;
				MTL_ENABLE_DEBUG_INFO = INCLUDE_SOURCE;
				MTL_FAST_MATH = YES;
				ONLY_ACTIVE_ARCH = YES;
				SDKROOT = iphoneos;
				SWIFT_ACTIVE_COMPILATION_CONDITIONS = "DEBUG $(inherited)";
				SWIFT_OPTIMIZATION_LEVEL = "-Onone";
			};
			name = Debug;
		};
		0D6E2A762BF0BF5700F2A0CF /* Release */ = {
			isa = XCBuildConfiguration;
			buildSettings = {
				ALWAYS_SEARCH_USER_PATHS = NO;
				ASSETCATALOG_COMPILER_GENERATE_SWIFT_ASSET_SYMBOL_EXTENSIONS = YES;
				CLANG_ANALYZER_NONNULL = YES;
				CLANG_ANALYZER_NUMBER_OBJECT_CONVERSION = YES_AGGRESSIVE;
				CLANG_CXX_LANGUAGE_STANDARD = "gnu++20";
				CLANG_ENABLE_MODULES = YES;
				CLANG_ENABLE_OBJC_ARC = YES;
				CLANG_ENABLE_OBJC_WEAK = YES;
				CLANG_WARN_BLOCK_CAPTURE_AUTORELEASING = YES;
				CLANG_WARN_BOOL_CONVERSION = YES;
				CLANG_WARN_COMMA = YES;
				CLANG_WARN_CONSTANT_CONVERSION = YES;
				CLANG_WARN_DEPRECATED_OBJC_IMPLEMENTATIONS = YES;
				CLANG_WARN_DIRECT_OBJC_ISA_USAGE = YES_ERROR;
				CLANG_WARN_DOCUMENTATION_COMMENTS = YES;
				CLANG_WARN_EMPTY_BODY = YES;
				CLANG_WARN_ENUM_CONVERSION = YES;
				CLANG_WARN_INFINITE_RECURSION = YES;
				CLANG_WARN_INT_CONVERSION = YES;
				CLANG_WARN_NON_LITERAL_NULL_CONVERSION = YES;
				CLANG_WARN_OBJC_IMPLICIT_RETAIN_SELF = YES;
				CLANG_WARN_OBJC_LITERAL_CONVERSION = YES;
				CLANG_WARN_OBJC_ROOT_CLASS = YES_ERROR;
				CLANG_WARN_QUOTED_INCLUDE_IN_FRAMEWORK_HEADER = YES;
				CLANG_WARN_RANGE_LOOP_ANALYSIS = YES;
				CLANG_WARN_STRICT_PROTOTYPES = YES;
				CLANG_WARN_SUSPICIOUS_MOVE = YES;
				CLANG_WARN_UNGUARDED_AVAILABILITY = YES_AGGRESSIVE;
				CLANG_WARN_UNREACHABLE_CODE = YES;
				CLANG_WARN__DUPLICATE_METHOD_MATCH = YES;
				COPY_PHASE_STRIP = NO;
				DEBUG_INFORMATION_FORMAT = "dwarf-with-dsym";
				ENABLE_NS_ASSERTIONS = NO;
				ENABLE_STRICT_OBJC_MSGSEND = YES;
				ENABLE_USER_SCRIPT_SANDBOXING = YES;
				GCC_C_LANGUAGE_STANDARD = gnu17;
				GCC_NO_COMMON_BLOCKS = YES;
				GCC_WARN_64_TO_32_BIT_CONVERSION = YES;
				GCC_WARN_ABOUT_RETURN_TYPE = YES_ERROR;
				GCC_WARN_UNDECLARED_SELECTOR = YES;
				GCC_WARN_UNINITIALIZED_AUTOS = YES_AGGRESSIVE;
				GCC_WARN_UNUSED_FUNCTION = YES;
				GCC_WARN_UNUSED_VARIABLE = YES;
				IPHONEOS_DEPLOYMENT_TARGET = 17.4;
				LOCALIZATION_PREFERS_STRING_CATALOGS = YES;
				MTL_ENABLE_DEBUG_INFO = NO;
				MTL_FAST_MATH = YES;
				SDKROOT = iphoneos;
				SWIFT_COMPILATION_MODE = wholemodule;
				VALIDATE_PRODUCT = YES;
			};
			name = Release;
		};
		0D6E2A782BF0BF5700F2A0CF /* Debug */ = {
			isa = XCBuildConfiguration;
			buildSettings = {
				ASSETCATALOG_COMPILER_APPICON_NAME = AppIcon;
				ASSETCATALOG_COMPILER_GLOBAL_ACCENT_COLOR_NAME = AccentColor;
				CODE_SIGN_STYLE = Automatic;
				CURRENT_PROJECT_VERSION = 1;
				DEVELOPMENT_ASSET_PATHS = "\"AntiquesApp/Preview Content\"";
				ENABLE_PREVIEWS = YES;
				GENERATE_INFOPLIST_FILE = YES;
				INFOPLIST_KEY_UIApplicationSceneManifest_Generation = YES;
				INFOPLIST_KEY_UIApplicationSupportsIndirectInputEvents = YES;
				INFOPLIST_KEY_UILaunchScreen_Generation = YES;
				INFOPLIST_KEY_UISupportedInterfaceOrientations_iPad = "UIInterfaceOrientationPortrait UIInterfaceOrientationPortraitUpsideDown UIInterfaceOrientationLandscapeLeft UIInterfaceOrientationLandscapeRight";
				INFOPLIST_KEY_UISupportedInterfaceOrientations_iPhone = "UIInterfaceOrientationPortrait UIInterfaceOrientationLandscapeLeft UIInterfaceOrientationLandscapeRight";
				LD_RUNPATH_SEARCH_PATHS = (
					"$(inherited)",
					"@executable_path/Frameworks",
				);
				MARKETING_VERSION = 1.0;
				PRODUCT_BUNDLE_IDENTIFIER = chin.AntiquesApp;
				PRODUCT_NAME = "$(TARGET_NAME)";
				SWIFT_EMIT_LOC_STRINGS = YES;
				SWIFT_VERSION = 5.0;
				TARGETED_DEVICE_FAMILY = "1,2";
			};
			name = Debug;
		};
		0D6E2A792BF0BF5700F2A0CF /* Release */ = {
			isa = XCBuildConfiguration;
			buildSettings = {
				ASSETCATALOG_COMPILER_APPICON_NAME = AppIcon;
				ASSETCATALOG_COMPILER_GLOBAL_ACCENT_COLOR_NAME = AccentColor;
				CODE_SIGN_STYLE = Automatic;
				CURRENT_PROJECT_VERSION = 1;
				DEVELOPMENT_ASSET_PATHS = "\"AntiquesApp/Preview Content\"";
				ENABLE_PREVIEWS = YES;
				GENERATE_INFOPLIST_FILE = YES;
				INFOPLIST_KEY_UIApplicationSceneManifest_Generation = YES;
				INFOPLIST_KEY_UIApplicationSupportsIndirectInputEvents = YES;
				INFOPLIST_KEY_UILaunchScreen_Generation = YES;
				INFOPLIST_KEY_UISupportedInterfaceOrientations_iPad = "UIInterfaceOrientationPortrait UIInterfaceOrientationPortraitUpsideDown UIInterfaceOrientationLandscapeLeft UIInterfaceOrientationLandscapeRight";
				INFOPLIST_KEY_UISupportedInterfaceOrientations_iPhone = "UIInterfaceOrientationPortrait UIInterfaceOrientationLandscapeLeft UIInterfaceOrientationLandscapeRight";
				LD_RUNPATH_SEARCH_PATHS = (
					"$(inherited)",
					"@executable_path/Frameworks",
				);
				MARKETING_VERSION = 1.0;
				PRODUCT_BUNDLE_IDENTIFIER = chin.AntiquesApp;
				PRODUCT_NAME = "$(TARGET_NAME)";
				SWIFT_EMIT_LOC_STRINGS = YES;
				SWIFT_VERSION = 5.0;
				TARGETED_DEVICE_FAMILY = "1,2";
			};
			name = Release;
		};
/* End XCBuildConfiguration section */

/* Begin XCConfigurationList section */
		0D6E2A642BF0BF5700F2A0CF /* Build configuration list for PBXProject "AntiquesApp" */ = {
			isa = XCConfigurationList;
			buildConfigurations = (
				0D6E2A752BF0BF5700F2A0CF /* Debug */,
				0D6E2A762BF0BF5700F2A0CF /* Release */,
			);
			defaultConfigurationIsVisible = 0;
			defaultConfigurationName = Release;
		};
		0D6E2A772BF0BF5700F2A0CF /* Build configuration list for PBXNativeTarget "AntiquesApp" */ = {
			isa = XCConfigurationList;
			buildConfigurations = (
				0D6E2A782BF0BF5700F2A0CF /* Debug */,
				0D6E2A792BF0BF5700F2A0CF /* Release */,
			);
			defaultConfigurationIsVisible = 0;
			defaultConfigurationName = Release;
		};
/* End XCConfigurationList section */

/* Begin XCRemoteSwiftPackageReference section */
		0D6E2A7E2BF0FA9400F2A0CF /* XCRemoteSwiftPackageReference "firebase-ios-sdk" */ = {
			isa = XCRemoteSwiftPackageReference;
			repositoryURL = "https://github.com/firebase/firebase-ios-sdk";
			requirement = {
				kind = upToNextMajorVersion;
				minimumVersion = 10.25.0;
			};
		};
/* End XCRemoteSwiftPackageReference section */

/* Begin XCSwiftPackageProductDependency section */
		0D0F84E42BFDEB9B0061AA10 /* FirebaseFirestoreSwift */ = {
			isa = XCSwiftPackageProductDependency;
			package = 0D6E2A7E2BF0FA9400F2A0CF /* XCRemoteSwiftPackageReference "firebase-ios-sdk" */;
			productName = FirebaseFirestoreSwift;
		};
		0D6E2A7F2BF0FA9400F2A0CF /* FirebaseAuth */ = {
			isa = XCSwiftPackageProductDependency;
			package = 0D6E2A7E2BF0FA9400F2A0CF /* XCRemoteSwiftPackageReference "firebase-ios-sdk" */;
			productName = FirebaseAuth;
		};
		0D6E2A812BF0FA9400F2A0CF /* FirebaseDatabase */ = {
			isa = XCSwiftPackageProductDependency;
			package = 0D6E2A7E2BF0FA9400F2A0CF /* XCRemoteSwiftPackageReference "firebase-ios-sdk" */;
			productName = FirebaseDatabase;
		};
		0D6E2A832BF0FA9400F2A0CF /* FirebaseFirestore */ = {
			isa = XCSwiftPackageProductDependency;
			package = 0D6E2A7E2BF0FA9400F2A0CF /* XCRemoteSwiftPackageReference "firebase-ios-sdk" */;
			productName = FirebaseFirestore;
		};
		0D6E2A852BF0FA9400F2A0CF /* FirebaseStorage */ = {
			isa = XCSwiftPackageProductDependency;
			package = 0D6E2A7E2BF0FA9400F2A0CF /* XCRemoteSwiftPackageReference "firebase-ios-sdk" */;
			productName = FirebaseStorage;
		};
/* End XCSwiftPackageProductDependency section */
	};
	rootObject = 0D6E2A612BF0BF5700F2A0CF /* Project object */;
}
